
Microsoft Visual Studio Solution File, Format Version 12.00
# Visual Studio 15
VisualStudioVersion = 15.0.28307.2092
MinimumVisualStudioVersion = 10.0.40219.1
Project("{FAE04EC0-301F-11D3-BF4B-00C04F79EFBC}") = "TeFS", "TeFS\TeFS.csproj", "{8B6A1E5D-09D8-4CEA-954A-C4C3BE36CD64}"
EndProject
Global
	GlobalSection(SolutionConfigurationPlatforms) = preSolution
		Debug|Any CPU = Debug|Any CPU
		Release|Any CPU = Release|Any CPU
	EndGlobalSection
	GlobalSection(ProjectConfigurationPlatforms) = postSolution
		{8B6A1E5D-09D8-4CEA-954A-C4C3BE36CD64}.Debug|Any CPU.ActiveCfg = Debug|Any CPU
		{8B6A1E5D-09D8-4CEA-954A-C4C3BE36CD64}.Debug|Any CPU.Build.0 = Debug|Any CPU
		{8B6A1E5D-09D8-4CEA-954A-C4C3BE36CD64}.Release|Any CPU.ActiveCfg = Release|Any CPU
		{8B6A1E5D-09D8-4CEA-954A-C4C3BE36CD64}.Release|Any CPU.Build.0 = Release|Any CPU
	EndGlobalSection
	GlobalSection(SolutionProperties) = preSolution
		HideSolutionNode = FALSE
	EndGlobalSection
	GlobalSection(ExtensibilityGlobals) = postSolution
		SolutionGuid = {59176B8B-DAF1-49D7-B368-459D0998184E}
	EndGlobalSection
EndGlobal
